dependencies:
- name: postgresql
  repository: https://exivity.github.io/bitnami-charts
  version: 17.0.2
- name: rabbitmq
  repository: https://exivity.github.io/bitnami-charts
  version: 16.0.17
digest: sha256:f8095ded99d892c6bd4d39b1f569f65993a6d6d6e57efc6ae61ee272a95f7a88
generated: "2025-10-06T12:14:09.121297483+02:00"
